{
  "name": "@rebelchris/astro-static-tweet",
  "version": "0.0.1",
  "lockfileVersion": 2,
  "requires": true,
  "packages": {
    "": {
      "name": "@rebelchris/astro-static-tweet",
      "version": "0.0.1",
      "dependencies": {
        "dotenv": "^10.0.0",
        "twitter-api-client": "^1.3.8"
      }
    },
    "node_modules/base64-js": {
      "version": "1.5.1",
      "resolved": "https://registry.npmjs.org/base64-js/-/base64-js-1.5.1.tgz",
      "integrity": "sha512-AKpaYlHn8t4SVbOHCy+b5+KKgvR4vrsD8vbvrbiQJps7fKDTkjkDry6ji0rUJjC0kzbNePLwzxq8iypo41qeWA==",
      "funding": [
        {
          "type": "github",
          "url": "https://github.com/sponsors/feross"
        },
        {
          "type": "patreon",
          "url": "https://www.patreon.com/feross"
        },
        {
          "type": "consulting",
          "url": "https://feross.org/support"
        }
      ]
    },
    "node_modules/buffer": {
      "version": "5.7.1",
      "resolved": "https://registry.npmjs.org/buffer/-/buffer-5.7.1.tgz",
      "integrity": "sha512-EHcyIPBQ4BSGlvjB16k5KgAJ27CIsHY/2JBmCRReo48y9rQ3MaUzWX3KVlBa4U7MyX02HdVj0K7C3WaB3ju7FQ==",
      "funding": [
        {
          "type": "github",
          "url": "https://github.com/sponsors/feross"
        },
        {
          "type": "patreon",
          "url": "https://www.patreon.com/feross"
        },
        {
          "type": "consulting",
          "url": "https://feross.org/support"
        }
      ],
      "dependencies": {
        "base64-js": "^1.3.1",
        "ieee754": "^1.1.13"
      }
    },
    "node_modules/dotenv": {
      "version": "10.0.0",
      "resolved": "https://registry.npmjs.org/dotenv/-/dotenv-10.0.0.tgz",
      "integrity": "sha512-rlBi9d8jpv9Sf1klPjNfFAuWDjKLwTIJJ/VxtoTwIR6hnZxcEOQCZg2oIL3MWBYw5GpUDKOEnND7LXTbIpQ03Q==",
      "engines": {
        "node": ">=10"
      }
    },
    "node_modules/ieee754": {
      "version": "1.2.1",
      "resolved": "https://registry.npmjs.org/ieee754/-/ieee754-1.2.1.tgz",
      "integrity": "sha512-dcyqhDvX1C46lXZcVqCpK+FtMRQVdIMN6/Df5js2zouUsqG7I6sFxitIC+7KYK29KdXOLHdu9zL4sFnoVQnqaA==",
      "funding": [
        {
          "type": "github",
          "url": "https://github.com/sponsors/feross"
        },
        {
          "type": "patreon",
          "url": "https://www.patreon.com/feross"
        },
        {
          "type": "consulting",
          "url": "https://feross.org/support"
        }
      ]
    },
    "node_modules/oauth": {
      "version": "0.9.15",
      "resolved": "https://registry.npmjs.org/oauth/-/oauth-0.9.15.tgz",
      "integrity": "sha1-vR/vr2hslrdUda7VGWQS/2DPucE="
    },
    "node_modules/object-sizeof": {
      "version": "1.6.1",
      "resolved": "https://registry.npmjs.org/object-sizeof/-/object-sizeof-1.6.1.tgz",
      "integrity": "sha512-gNKGcRnDRXwEpAdwUY3Ef+aVZIrcQVXozSaVzHz6Pv4JxysH8vf5F+nIgsqW5T/YNwZNveh0mIW7PEH1O2MrDw==",
      "dependencies": {
        "buffer": "^5.6.0"
      }
    },
    "node_modules/twitter-api-client": {
      "version": "1.3.8",
      "resolved": "https://registry.npmjs.org/twitter-api-client/-/twitter-api-client-1.3.8.tgz",
      "integrity": "sha512-B6fQxqmwr7W2mWKURMoc2BqgpcFrbwDLVJrPrLwr0778UBzKOFjUOME3cY0oWZty8dXjdfolVsU0pAywiaL1dQ==",
      "dependencies": {
        "oauth": "^0.9.15",
        "object-sizeof": "^1.6.1"
      }
    }
  },
  "dependencies": {
    "base64-js": {
      "version": "1.5.1",
      "resolved": "https://registry.npmjs.org/base64-js/-/base64-js-1.5.1.tgz",
      "integrity": "sha512-AKpaYlHn8t4SVbOHCy+b5+KKgvR4vrsD8vbvrbiQJps7fKDTkjkDry6ji0rUJjC0kzbNePLwzxq8iypo41qeWA=="
    },
    "buffer": {
      "version": "5.7.1",
      "resolved": "https://registry.npmjs.org/buffer/-/buffer-5.7.1.tgz",
      "integrity": "sha512-EHcyIPBQ4BSGlvjB16k5KgAJ27CIsHY/2JBmCRReo48y9rQ3MaUzWX3KVlBa4U7MyX02HdVj0K7C3WaB3ju7FQ==",
      "requires": {
        "base64-js": "^1.3.1",
        "ieee754": "^1.1.13"
      }
    },
    "dotenv": {
      "version": "10.0.0",
      "resolved": "https://registry.npmjs.org/dotenv/-/dotenv-10.0.0.tgz",
      "integrity": "sha512-rlBi9d8jpv9Sf1klPjNfFAuWDjKLwTIJJ/VxtoTwIR6hnZxcEOQCZg2oIL3MWBYw5GpUDKOEnND7LXTbIpQ03Q=="
    },
    "ieee754": {
      "version": "1.2.1",
      "resolved": "https://registry.npmjs.org/ieee754/-/ieee754-1.2.1.tgz",
      "integrity": "sha512-dcyqhDvX1C46lXZcVqCpK+FtMRQVdIMN6/Df5js2zouUsqG7I6sFxitIC+7KYK29KdXOLHdu9zL4sFnoVQnqaA=="
    },
    "oauth": {
      "version": "0.9.15",
      "resolved": "https://registry.npmjs.org/oauth/-/oauth-0.9.15.tgz",
      "integrity": "sha1-vR/vr2hslrdUda7VGWQS/2DPucE="
    },
    "object-sizeof": {
      "version": "1.6.1",
      "resolved": "https://registry.npmjs.org/object-sizeof/-/object-sizeof-1.6.1.tgz",
      "integrity": "sha512-gNKGcRnDRXwEpAdwUY3Ef+aVZIrcQVXozSaVzHz6Pv4JxysH8vf5F+nIgsqW5T/YNwZNveh0mIW7PEH1O2MrDw==",
      "requires": {
        "buffer": "^5.6.0"
      }
    },
    "twitter-api-client": {
      "version": "1.3.8",
      "resolved": "https://registry.npmjs.org/twitter-api-client/-/twitter-api-client-1.3.8.tgz",
      "integrity": "sha512-B6fQxqmwr7W2mWKURMoc2BqgpcFrbwDLVJrPrLwr0778UBzKOFjUOME3cY0oWZty8dXjdfolVsU0pAywiaL1dQ==",
      "requires": {
        "oauth": "^0.9.15",
        "object-sizeof": "^1.6.1"
      }
    }
  }
}
